
Microsoft Visual Studio Solution File, Format Version 12.00
# Visual Studio 15
VisualStudioVersion = 15.0.27428.2015
MinimumVisualStudioVersion = 10.0.40219.1
Project("{FAE04EC0-301F-11D3-BF4B-00C04F79EFBC}") = "NorthWind.Utils", "NorthWind.Utils\NorthWind.Utils.csproj", "{E0DD84D3-E3EA-4290-877D-E0D14FA52752}"
EndProject
Project("{FAE04EC0-301F-11D3-BF4B-00C04F79EFBC}") = "NorthWind.Utils.UnitTest", "NorthWind.Utils.UnitTest\NorthWind.Utils.UnitTest.csproj", "{BE0F8046-F480-40D3-97C0-D2B00F72F8F0}"
EndProject
Global
	GlobalSection(SolutionConfigurationPlatforms) = preSolution
		Debug|Any CPU = Debug|Any CPU
		Release|Any CPU = Release|Any CPU
	EndGlobalSection
	GlobalSection(ProjectConfigurationPlatforms) = postSolution
		{E0DD84D3-E3EA-4290-877D-E0D14FA52752}.Debug|Any CPU.ActiveCfg = Debug|Any CPU
		{E0DD84D3-E3EA-4290-877D-E0D14FA52752}.Debug|Any CPU.Build.0 = Debug|Any CPU
		{E0DD84D3-E3EA-4290-877D-E0D14FA52752}.Release|Any CPU.ActiveCfg = Release|Any CPU
		{E0DD84D3-E3EA-4290-877D-E0D14FA52752}.Release|Any CPU.Build.0 = Release|Any CPU
		{BE0F8046-F480-40D3-97C0-D2B00F72F8F0}.Debug|Any CPU.ActiveCfg = Debug|Any CPU
		{BE0F8046-F480-40D3-97C0-D2B00F72F8F0}.Debug|Any CPU.Build.0 = Debug|Any CPU
		{BE0F8046-F480-40D3-97C0-D2B00F72F8F0}.Release|Any CPU.ActiveCfg = Release|Any CPU
		{BE0F8046-F480-40D3-97C0-D2B00F72F8F0}.Release|Any CPU.Build.0 = Release|Any CPU
	EndGlobalSection
	GlobalSection(SolutionProperties) = preSolution
		HideSolutionNode = FALSE
	EndGlobalSection
	GlobalSection(ExtensibilityGlobals) = postSolution
		SolutionGuid = {E0F4F3D2-E4F3-4D54-B321-FB2362CB6BF9}
	EndGlobalSection
EndGlobal
